// !$*UTF8*$!
{
	archiveVersion = 1;
	classes = {
	};
	objectVersion = 46;
	objects = {

/* Begin PBXBuildFile section */
		582BEAAB1D2146E600955A40 /* main.m in Sources */ = {isa = PBXBuildFile; fileRef = 582BEAAA1D2146E600955A40 /* main.m */; };
		582BEAAE1D2146E600955A40 /* AppDelegate.m in Sources */ = {isa = PBXBuildFile; fileRef = 582BEAAD1D2146E600955A40 /* AppDelegate.m */; };
		582BEAB11D2146E600955A40 /* ViewController.m in Sources */ = {isa = PBXBuildFile; fileRef = 582BEAB01D2146E600955A40 /* ViewController.m */; };
		582BEAB41D2146E600955A40 /* Main.storyboard in Resources */ = {isa = PBXBuildFile; fileRef = 582BEAB21D2146E600955A40 /* Main.storyboard */; };
		582BEAB61D2146E600955A40 /* Assets.xcassets in Resources */ = {isa = PBXBuildFile; fileRef = 582BEAB51D2146E600955A40 /* Assets.xcassets */; };
		582BEAB91D2146E600955A40 /* LaunchScreen.storyboard in Resources */ = {isa = PBXBuildFile; fileRef = 582BEAB71D2146E600955A40 /* LaunchScreen.storyboard */; };
		582BEAD41D2147DC00955A40 /* ZKTestOneViewController.m in Sources */ = {isa = PBXBuildFile; fileRef = 582BEAD11D2147DC00955A40 /* ZKTestOneViewController.m */; };
		582BEAD51D2147DC00955A40 /* ZKTestTwoViewController.m in Sources */ = {isa = PBXBuildFile; fileRef = 582BEAD31D2147DC00955A40 /* ZKTestTwoViewController.m */; };
		582BEAD91D215B1F00955A40 /* ZKDragViewController.m in Sources */ = {isa = PBXBuildFile; fileRef = 582BEAD81D215B1F00955A40 /* ZKDragViewController.m */; };
		582BEADC1D2160B400955A40 /* ZKThirdViewController.m in Sources */ = {isa = PBXBuildFile; fileRef = 582BEADB1D2160B400955A40 /* ZKThirdViewController.m */; };
/* End PBXBuildFile section */

/* Begin PBXFileReference section */
		582BEAA61D2146E600955A40 /* ZKDrawerDemo.app */ = {isa = PBXFileReference; explicitFileType = wrapper.application; includeInIndex = 0; path = ZKDrawerDemo.app; sourceTree = BUILT_PRODUCTS_DIR; };
		582BEAAA1D2146E600955A40 /* main.m */ = {isa = PBXFileReference; lastKnownFileType = sourcecode.c.objc; path = main.m; sourceTree = "<group>"; };
		582BEAAC1D2146E600955A40 /* AppDelegate.h */ = {isa = PBXFileReference; lastKnownFileType = sourcecode.c.h; path = AppDelegate.h; sourceTree = "<group>"; };
		582BEAAD1D2146E600955A40 /* AppDelegate.m */ = {isa = PBXFileReference; lastKnownFileType = sourcecode.c.objc; path = AppDelegate.m; sourceTree = "<group>"; };
		582BEAAF1D2146E600955A40 /* ViewController.h */ = {isa = PBXFileReference; lastKnownFileType = sourcecode.c.h; path = ViewController.h; sourceTree = "<group>"; };
		582BEAB01D2146E600955A40 /* ViewController.m */ = {isa = PBXFileReference; lastKnownFileType = sourcecode.c.objc; path = ViewController.m; sourceTree = "<group>"; };
		582BEAB31D2146E600955A40 /* Base */ = {isa = PBXFileReference; lastKnownFileType = file.storyboard; name = Base; path = Base.lproj/Main.storyboard; sourceTree = "<group>"; };
		582BEAB51D2146E600955A40 /* Assets.xcassets */ = {isa = PBXFileReference; lastKnownFileType = folder.assetcatalog; path = Assets.xcassets; sourceTree = "<group>"; };
		582BEAB81D2146E600955A40 /* Base */ = {isa = PBXFileReference; lastKnownFileType = file.storyboard; name = Base; path = Base.lproj/LaunchScreen.storyboard; sourceTree = "<group>"; };
		582BEABA1D2146E600955A40 /* Info.plist */ = {isa = PBXFileReference; lastKnownFileType = text.plist.xml; path = Info.plist; sourceTree = "<group>"; };
		582BEAD01D2147DC00955A40 /* ZKTestOneViewController.h */ = {isa = PBXFileReference; fileEncoding = 4; lastKnownFileType = sourcecode.c.h; path = ZKTestOneViewController.h; sourceTree = "<group>"; };
		582BEAD11D2147DC00955A40 /* ZKTestOneViewController.m */ = {isa = PBXFileReference; fileEncoding = 4; lastKnownFileType = sourcecode.c.objc; path = ZKTestOneViewController.m; sourceTree = "<group>"; };
		582BEAD21D2147DC00955A40 /* ZKTestTwoViewController.h */ = {isa = PBXFileReference; fileEncoding = 4; lastKnownFileType = sourcecode.c.h; path = ZKTestTwoViewController.h; sourceTree = "<group>"; };
		582BEAD31D2147DC00955A40 /* ZKTestTwoViewController.m */ = {isa = PBXFileReference; fileEncoding = 4; lastKnownFileType = sourcecode.c.objc; path = ZKTestTwoViewController.m; sourceTree = "<group>"; };
		582BEAD71D215B1F00955A40 /* ZKDragViewController.h */ = {isa = PBXFileReference; fileEncoding = 4; lastKnownFileType = sourcecode.c.h; path = ZKDragViewController.h; sourceTree = "<group>"; };
		582BEAD81D215B1F00955A40 /* ZKDragViewController.m */ = {isa = PBXFileReference; fileEncoding = 4; lastKnownFileType = sourcecode.c.objc; path = ZKDragViewController.m; sourceTree = "<group>"; };
		582BEADA1D2160B400955A40 /* ZKThirdViewController.h */ = {isa = PBXFileReference; fileEncoding = 4; lastKnownFileType = sourcecode.c.h; path = ZKThirdViewController.h; sourceTree = "<group>"; };
		582BEADB1D2160B400955A40 /* ZKThirdViewController.m */ = {isa = PBXFileReference; fileEncoding = 4; lastKnownFileType = sourcecode.c.objc; path = ZKThirdViewController.m; sourceTree = "<group>"; };
/* End PBXFileReference section */

/* Begin PBXFrameworksBuildPhase section */
		582BEAA31D2146E600955A40 /* Frameworks */ = {
			isa = PBXFrameworksBuildPhase;
			buildActionMask = 2147483647;
			files = (
			);
			runOnlyForDeploymentPostprocessing = 0;
		};
/* End PBXFrameworksBuildPhase section */

/* Begin PBXGroup section */
		582BEA9D1D2146E600955A40 = {
			isa = PBXGroup;
			children = (
				582BEAA81D2146E600955A40 /* ZKDrawerDemo */,
				582BEAA71D2146E600955A40 /* Products */,
			);
			sourceTree = "<group>";
		};
		582BEAA71D2146E600955A40 /* Products */ = {
			isa = PBXGroup;
			children = (
				582BEAA61D2146E600955A40 /* ZKDrawerDemo.app */,
			);
			name = Products;
			sourceTree = "<group>";
		};
		582BEAA81D2146E600955A40 /* ZKDrawerDemo */ = {
			isa = PBXGroup;
			children = (
				582BEAD61D215B1F00955A40 /* DrawerTool */,
				582BEAAC1D2146E600955A40 /* AppDelegate.h */,
				582BEAAD1D2146E600955A40 /* AppDelegate.m */,
				582BEAAF1D2146E600955A40 /* ViewController.h */,
				582BEAB01D2146E600955A40 /* ViewController.m */,
				582BEAB21D2146E600955A40 /* Main.storyboard */,
				582BEAB51D2146E600955A40 /* Assets.xcassets */,
				582BEAB71D2146E600955A40 /* LaunchScreen.storyboard */,
				582BEABA1D2146E600955A40 /* Info.plist */,
				582BEAD01D2147DC00955A40 /* ZKTestOneViewController.h */,
				582BEAD11D2147DC00955A40 /* ZKTestOneViewController.m */,
				582BEAD21D2147DC00955A40 /* ZKTestTwoViewController.h */,
				582BEAD31D2147DC00955A40 /* ZKTestTwoViewController.m */,
				582BEAA91D2146E600955A40 /* Supporting Files */,
				582BEADA1D2160B400955A40 /* ZKThirdViewController.h */,
				582BEADB1D2160B400955A40 /* ZKThirdViewController.m */,
			);
			path = ZKDrawerDemo;
			sourceTree = "<group>";
		};
		582BEAA91D2146E600955A40 /* Supporting Files */ = {
			isa = PBXGroup;
			children = (
				582BEAAA1D2146E600955A40 /* main.m */,
			);
			name = "Supporting Files";
			sourceTree = "<group>";
		};
		582BEAD61D215B1F00955A40 /* DrawerTool */ = {
			isa = PBXGroup;
			children = (
				582BEAD71D215B1F00955A40 /* ZKDragViewController.h */,
				582BEAD81D215B1F00955A40 /* ZKDragViewController.m */,
			);
			path = DrawerTool;
			sourceTree = "<group>";
		};
/* End PBXGroup section */

/* Begin PBXNativeTarget section */
		582BEAA51D2146E600955A40 /* ZKDrawerDemo */ = {
			isa = PBXNativeTarget;
			buildConfigurationList = 582BEABD1D2146E600955A40 /* Build configuration list for PBXNativeTarget "ZKDrawerDemo" */;
			buildPhases = (
				582BEAA21D2146E600955A40 /* Sources */,
				582BEAA31D2146E600955A40 /* Frameworks */,
				582BEAA41D2146E600955A40 /* Resources */,
			);
			buildRules = (
			);
			dependencies = (
			);
			name = ZKDrawerDemo;
			productName = ZKDrawerDemo;
			productReference = 582BEAA61D2146E600955A40 /* ZKDrawerDemo.app */;
			productType = "com.apple.product-type.application";
		};
/* End PBXNativeTarget section */

/* Begin PBXProject section */
		582BEA9E1D2146E600955A40 /* Project object */ = {
			isa = PBXProject;
			attributes = {
				LastUpgradeCheck = 0720;
				ORGANIZATIONNAME = TowMen;
				TargetAttributes = {
					582BEAA51D2146E600955A40 = {
						CreatedOnToolsVersion = 7.2;
						DevelopmentTeam = 7TTNEW2X82;
					};
				};
			};
			buildConfigurationList = 582BEAA11D2146E600955A40 /* Build configuration list for PBXProject "ZKDrawerDemo" */;
			compatibilityVersion = "Xcode 3.2";
			developmentRegion = English;
			hasScannedForEncodings = 0;
			knownRegions = (
				en,
				Base,
			);
			mainGroup = 582BEA9D1D2146E600955A40;
			productRefGroup = 582BEAA71D2146E600955A40 /* Products */;
			projectDirPath = "";
			projectRoot = "";
			targets = (
				582BEAA51D2146E600955A40 /* ZKDrawerDemo */,
			);
		};
/* End PBXProject section */

/* Begin PBXResourcesBuildPhase section */
		582BEAA41D2146E600955A40 /* Resources */ = {
			isa = PBXResourcesBuildPhase;
			buildActionMask = 2147483647;
			files = (
				582BEAB91D2146E600955A40 /* LaunchScreen.storyboard in Resources */,
				582BEAB61D2146E600955A40 /* Assets.xcassets in Resources */,
				582BEAB41D2146E600955A40 /* Main.storyboard in Resources */,
			);
			runOnlyForDeploymentPostprocessing = 0;
		};
/* End PBXResourcesBuildPhase section */

/* Begin PBXSourcesBuildPhase section */
		582BEAA21D2146E600955A40 /* Sources */ = {
			isa = PBXSourcesBuildPhase;
			buildActionMask = 2147483647;
			files = (
				582BEAB11D2146E600955A40 /* ViewController.m in Sources */,
				582BEAAE1D2146E600955A40 /* AppDelegate.m in Sources */,
				582BEAD51D2147DC00955A40 /* ZKTestTwoViewController.m in Sources */,
				582BEADC1D2160B400955A40 /* ZKThirdViewController.m in Sources */,
				582BEAD41D2147DC00955A40 /* ZKTestOneViewController.m in Sources */,
				582BEAAB1D2146E600955A40 /* main.m in Sources */,
				582BEAD91D215B1F00955A40 /* ZKDragViewController.m in Sources */,
			);
			runOnlyForDeploymentPostprocessing = 0;
		};
/* End PBXSourcesBuildPhase section */

/* Begin PBXVariantGroup section */
		582BEAB21D2146E600955A40 /* Main.storyboard */ = {
			isa = PBXVariantGroup;
			children = (
				582BEAB31D2146E600955A40 /* Base */,
			);
			name = Main.storyboard;
			sourceTree = "<group>";
		};
		582BEAB71D2146E600955A40 /* LaunchScreen.storyboard */ = {
			isa = PBXVariantGroup;
			children = (
				582BEAB81D2146E600955A40 /* Base */,
			);
			name = LaunchScreen.storyboard;
			sourceTree = "<group>";
		};
/* End PBXVariantGroup section */

/* Begin XCBuildConfiguration section */
		582BEABB1D2146E600955A40 /* Debug */ = {
			isa = XCBuildConfiguration;
			buildSettings = {
				ALWAYS_SEARCH_USER_PATHS = NO;
				CLANG_CXX_LANGUAGE_STANDARD = "gnu++0x";
				CLANG_CXX_LIBRARY = "libc++";
				CLANG_ENABLE_MODULES = YES;
				CLANG_ENABLE_OBJC_ARC = YES;
				CLANG_WARN_BOOL_CONVERSION = YES;
				CLANG_WARN_CONSTANT_CONVERSION = YES;
				CLANG_WARN_DIRECT_OBJC_ISA_USAGE = YES_ERROR;
				CLANG_WARN_EMPTY_BODY = YES;
				CLANG_WARN_ENUM_CONVERSION = YES;
				CLANG_WARN_INT_CONVERSION = YES;
				CLANG_WARN_OBJC_ROOT_CLASS = YES_ERROR;
				CLANG_WARN_UNREACHABLE_CODE = YES;
				CLANG_WARN__DUPLICATE_METHOD_MATCH = YES;
				"CODE_SIGN_IDENTITY[sdk=iphoneos*]" = "iPhone Developer";
				COPY_PHASE_STRIP = NO;
				DEBUG_INFORMATION_FORMAT = dwarf;
				ENABLE_STRICT_OBJC_MSGSEND = YES;
				ENABLE_TESTABILITY = YES;
				GCC_C_LANGUAGE_STANDARD = gnu99;
				GCC_DYNAMIC_NO_PIC = NO;
				GCC_NO_COMMON_BLOCKS = YES;
				GCC_OPTIMIZATION_LEVEL = 0;
				GCC_PREPROCESSOR_DEFINITIONS = (
					"DEBUG=1",
					"$(inherited)",
				);
				GCC_WARN_64_TO_32_BIT_CONVERSION = YES;
				GCC_WARN_ABOUT_RETURN_TYPE = YES_ERROR;
				GCC_WARN_UNDECLARED_SELECTOR = YES;
				GCC_WARN_UNINITIALIZED_AUTOS = YES_AGGRESSIVE;
				GCC_WARN_UNUSED_FUNCTION = YES;
				GCC_WARN_UNUSED_VARIABLE = YES;
				IPHONEOS_DEPLOYMENT_TARGET = 9.2;
				MTL_ENABLE_DEBUG_INFO = YES;
				ONLY_ACTIVE_ARCH = YES;
				SDKROOT = iphoneos;
			};
			name = Debug;
		};
		582BEABC1D2146E600955A40 /* Release */ = {
			isa = XCBuildConfiguration;
			buildSettings = {
				ALWAYS_SEARCH_USER_PATHS = NO;
				CLANG_CXX_LANGUAGE_STANDARD = "gnu++0x";
				CLANG_CXX_LIBRARY = "libc++";
				CLANG_ENABLE_MODULES = YES;
				CLANG_ENABLE_OBJC_ARC = YES;
				CLANG_WARN_BOOL_CONVERSION = YES;
				CLANG_WARN_CONSTANT_CONVERSION = YES;
				CLANG_WARN_DIRECT_OBJC_ISA_USAGE = YES_ERROR;
				CLANG_WARN_EMPTY_BODY = YES;
				CLANG_WARN_ENUM_CONVERSION = YES;
				CLANG_WARN_INT_CONVERSION = YES;
				CLANG_WARN_OBJC_ROOT_CLASS = YES_ERROR;
				CLANG_WARN_UNREACHABLE_CODE = YES;
				CLANG_WARN__DUPLICATE_METHOD_MATCH = YES;
				"CODE_SIGN_IDENTITY[sdk=iphoneos*]" = "iPhone Developer";
				COPY_PHASE_STRIP = NO;
				DEBUG_INFORMATION_FORMAT = "dwarf-with-dsym";
				ENABLE_NS_ASSERTIONS = NO;
				ENABLE_STRICT_OBJC_MSGSEND = YES;
				GCC_C_LANGUAGE_STANDARD = gnu99;
				GCC_NO_COMMON_BLOCKS = YES;
				GCC_WARN_64_TO_32_BIT_CONVERSION = YES;
				GCC_WARN_ABOUT_RETURN_TYPE = YES_ERROR;
				GCC_WARN_UNDECLARED_SELECTOR = YES;
				GCC_WARN_UNINITIALIZED_AUTOS = YES_AGGRESSIVE;
				GCC_WARN_UNUSED_FUNCTION = YES;
				GCC_WARN_UNUSED_VARIABLE = YES;
				IPHONEOS_DEPLOYMENT_TARGET = 9.2;
				MTL_ENABLE_DEBUG_INFO = NO;
				SDKROOT = iphoneos;
				VALIDATE_PRODUCT = YES;
			};
			name = Release;
		};
		582BEABE1D2146E600955A40 /* Debug */ = {
			isa = XCBuildConfiguration;
			buildSettings = {
				ASSETCATALOG_COMPILER_APPICON_NAME = AppIcon;
				INFOPLIST_FILE = ZKDrawerDemo/Info.plist;
				LD_RUNPATH_SEARCH_PATHS = "$(inherited) @executable_path/Frameworks";
				PRODUCT_BUNDLE_IDENTIFIER = towmen.only.ZKDrawerDemo;
				PRODUCT_NAME = "$(TARGET_NAME)";
			};
			name = Debug;
		};
		582BEABF1D2146E600955A40 /* Release */ = {
			isa = XCBuildConfiguration;
			buildSettings = {
				ASSETCATALOG_COMPILER_APPICON_NAME = AppIcon;
				INFOPLIST_FILE = ZKDrawerDemo/Info.plist;
				LD_RUNPATH_SEARCH_PATHS = "$(inherited) @executable_path/Frameworks";
				PRODUCT_BUNDLE_IDENTIFIER = towmen.only.ZKDrawerDemo;
				PRODUCT_NAME = "$(TARGET_NAME)";
			};
			name = Release;
		};
/* End XCBuildConfiguration section */

/* Begin XCConfigurationList section */
		582BEAA11D2146E600955A40 /* Build configuration list for PBXProject "ZKDrawerDemo" */ = {
			isa = XCConfigurationList;
			buildConfigurations = (
				582BEABB1D2146E600955A40 /* Debug */,
				582BEABC1D2146E600955A40 /* Release */,
			);
			defaultConfigurationIsVisible = 0;
			defaultConfigurationName = Release;
		};
		582BEABD1D2146E600955A40 /* Build configuration list for PBXNativeTarget "ZKDrawerDemo" */ = {
			isa = XCConfigurationList;
			buildConfigurations = (
				582BEABE1D2146E600955A40 /* Debug */,
				582BEABF1D2146E600955A40 /* Release */,
			);
			defaultConfigurationIsVisible = 0;
			defaultConfigurationName = Release;
		};
/* End XCConfigurationList section */
	};
	rootObject = 582BEA9E1D2146E600955A40 /* Project object */;
}
