// !$*UTF8*$!
{
	archiveVersion = 1;
	classes = {
	};
	objectVersion = 46;
	objects = {

/* Begin PBXBuildFile section */
		58D83ADA1D33D0DC003E2B8F /* main.m in Sources */ = {isa = PBXBuildFile; fileRef = 58D83AD91D33D0DC003E2B8F /* main.m */; };
		58D83ADD1D33D0DC003E2B8F /* AppDelegate.m in Sources */ = {isa = PBXBuildFile; fileRef = 58D83ADC1D33D0DC003E2B8F /* AppDelegate.m */; };
		58D83AE01D33D0DC003E2B8F /* ViewController.m in Sources */ = {isa = PBXBuildFile; fileRef = 58D83ADF1D33D0DC003E2B8F /* ViewController.m */; };
		58D83AE31D33D0DC003E2B8F /* Main.storyboard in Resources */ = {isa = PBXBuildFile; fileRef = 58D83AE11D33D0DC003E2B8F /* Main.storyboard */; };
		58D83AE51D33D0DC003E2B8F /* Assets.xcassets in Resources */ = {isa = PBXBuildFile; fileRef = 58D83AE41D33D0DC003E2B8F /* Assets.xcassets */; };
		58D83AE81D33D0DC003E2B8F /* LaunchScreen.storyboard in Resources */ = {isa = PBXBuildFile; fileRef = 58D83AE61D33D0DC003E2B8F /* LaunchScreen.storyboard */; };
		58D83AF21D33D150003E2B8F /* AlipaySDK.bundle in Resources */ = {isa = PBXBuildFile; fileRef = 58D83AF01D33D150003E2B8F /* AlipaySDK.bundle */; };
		58D83AF31D33D150003E2B8F /* AlipaySDK.framework in Frameworks */ = {isa = PBXBuildFile; fileRef = 58D83AF11D33D150003E2B8F /* AlipaySDK.framework */; };
		58D83AF51D33D44B003E2B8F /* CoreMotion.framework in Frameworks */ = {isa = PBXBuildFile; fileRef = 58D83AF41D33D44B003E2B8F /* CoreMotion.framework */; };
		58D83AF71D33D457003E2B8F /* CFNetwork.framework in Frameworks */ = {isa = PBXBuildFile; fileRef = 58D83AF61D33D457003E2B8F /* CFNetwork.framework */; };
		58D83AF91D33D460003E2B8F /* Foundation.framework in Frameworks */ = {isa = PBXBuildFile; fileRef = 58D83AF81D33D460003E2B8F /* Foundation.framework */; };
		58D83AFB1D33D467003E2B8F /* UIKit.framework in Frameworks */ = {isa = PBXBuildFile; fileRef = 58D83AFA1D33D467003E2B8F /* UIKit.framework */; };
		58D83AFD1D33D470003E2B8F /* CoreGraphics.framework in Frameworks */ = {isa = PBXBuildFile; fileRef = 58D83AFC1D33D470003E2B8F /* CoreGraphics.framework */; };
		58D83AFF1D33D47D003E2B8F /* CoreText.framework in Frameworks */ = {isa = PBXBuildFile; fileRef = 58D83AFE1D33D47D003E2B8F /* CoreText.framework */; };
		58D83B011D33D4A1003E2B8F /* QuartzCore.framework in Frameworks */ = {isa = PBXBuildFile; fileRef = 58D83B001D33D4A1003E2B8F /* QuartzCore.framework */; };
		58D83B031D33D4AC003E2B8F /* CoreTelephony.framework in Frameworks */ = {isa = PBXBuildFile; fileRef = 58D83B021D33D4AC003E2B8F /* CoreTelephony.framework */; };
		58D83B051D33D4BA003E2B8F /* SystemConfiguration.framework in Frameworks */ = {isa = PBXBuildFile; fileRef = 58D83B041D33D4BA003E2B8F /* SystemConfiguration.framework */; };
		58D83B071D33D4D7003E2B8F /* libz.tbd in Frameworks */ = {isa = PBXBuildFile; fileRef = 58D83B061D33D4D7003E2B8F /* libz.tbd */; };
		58D83B091D33D4E9003E2B8F /* libc++.tbd in Frameworks */ = {isa = PBXBuildFile; fileRef = 58D83B081D33D4E9003E2B8F /* libc++.tbd */; };
		58D83B0F1D33D928003E2B8F /* Order.m in Sources */ = {isa = PBXBuildFile; fileRef = 58D83B0E1D33D928003E2B8F /* Order.m */; };
		58D83B6E1D33E02E003E2B8F /* base64.m in Sources */ = {isa = PBXBuildFile; fileRef = 58D83B5E1D33E02E003E2B8F /* base64.m */; };
		58D83B6F1D33E02E003E2B8F /* DataSigner.m in Sources */ = {isa = PBXBuildFile; fileRef = 58D83B611D33E02E003E2B8F /* DataSigner.m */; };
		58D83B701D33E02E003E2B8F /* DataVerifier.m in Sources */ = {isa = PBXBuildFile; fileRef = 58D83B631D33E02E003E2B8F /* DataVerifier.m */; };
		58D83B711D33E02E003E2B8F /* MD5DataSigner.m in Sources */ = {isa = PBXBuildFile; fileRef = 58D83B651D33E02E003E2B8F /* MD5DataSigner.m */; };
		58D83B721D33E02E003E2B8F /* NSDataEx.m in Sources */ = {isa = PBXBuildFile; fileRef = 58D83B671D33E02E003E2B8F /* NSDataEx.m */; };
		58D83B731D33E02E003E2B8F /* openssl_wrapper.m in Sources */ = {isa = PBXBuildFile; fileRef = 58D83B691D33E02E003E2B8F /* openssl_wrapper.m */; };
		58D83B741D33E02E003E2B8F /* RSADataSigner.m in Sources */ = {isa = PBXBuildFile; fileRef = 58D83B6B1D33E02E003E2B8F /* RSADataSigner.m */; };
		58D83B751D33E02E003E2B8F /* RSADataVerifier.m in Sources */ = {isa = PBXBuildFile; fileRef = 58D83B6D1D33E02E003E2B8F /* RSADataVerifier.m */; };
		58D83B781D33E131003E2B8F /* libcrypto.a in Frameworks */ = {isa = PBXBuildFile; fileRef = 58D83B761D33E131003E2B8F /* libcrypto.a */; };
		58D83B791D33E131003E2B8F /* libssl.a in Frameworks */ = {isa = PBXBuildFile; fileRef = 58D83B771D33E131003E2B8F /* libssl.a */; };
/* End PBXBuildFile section */

/* Begin PBXFileReference section */
		58D83AD51D33D0DC003E2B8F /* Alipay.app */ = {isa = PBXFileReference; explicitFileType = wrapper.application; includeInIndex = 0; path = Alipay.app; sourceTree = BUILT_PRODUCTS_DIR; };
		58D83AD91D33D0DC003E2B8F /* main.m */ = {isa = PBXFileReference; lastKnownFileType = sourcecode.c.objc; path = main.m; sourceTree = "<group>"; };
		58D83ADB1D33D0DC003E2B8F /* AppDelegate.h */ = {isa = PBXFileReference; lastKnownFileType = sourcecode.c.h; path = AppDelegate.h; sourceTree = "<group>"; };
		58D83ADC1D33D0DC003E2B8F /* AppDelegate.m */ = {isa = PBXFileReference; lastKnownFileType = sourcecode.c.objc; path = AppDelegate.m; sourceTree = "<group>"; };
		58D83ADE1D33D0DC003E2B8F /* ViewController.h */ = {isa = PBXFileReference; lastKnownFileType = sourcecode.c.h; path = ViewController.h; sourceTree = "<group>"; };
		58D83ADF1D33D0DC003E2B8F /* ViewController.m */ = {isa = PBXFileReference; lastKnownFileType = sourcecode.c.objc; path = ViewController.m; sourceTree = "<group>"; };
		58D83AE21D33D0DC003E2B8F /* Base */ = {isa = PBXFileReference; lastKnownFileType = file.storyboard; name = Base; path = Base.lproj/Main.storyboard; sourceTree = "<group>"; };
		58D83AE41D33D0DC003E2B8F /* Assets.xcassets */ = {isa = PBXFileReference; lastKnownFileType = folder.assetcatalog; path = Assets.xcassets; sourceTree = "<group>"; };
		58D83AE71D33D0DC003E2B8F /* Base */ = {isa = PBXFileReference; lastKnownFileType = file.storyboard; name = Base; path = Base.lproj/LaunchScreen.storyboard; sourceTree = "<group>"; };
		58D83AE91D33D0DC003E2B8F /* Info.plist */ = {isa = PBXFileReference; lastKnownFileType = text.plist.xml; path = Info.plist; sourceTree = "<group>"; };
		58D83AF01D33D150003E2B8F /* AlipaySDK.bundle */ = {isa = PBXFileReference; lastKnownFileType = "wrapper.plug-in"; path = AlipaySDK.bundle; sourceTree = "<group>"; };
		58D83AF11D33D150003E2B8F /* AlipaySDK.framework */ = {isa = PBXFileReference; lastKnownFileType = wrapper.framework; path = AlipaySDK.framework; sourceTree = "<group>"; };
		58D83AF41D33D44B003E2B8F /* CoreMotion.framework */ = {isa = PBXFileReference; lastKnownFileType = wrapper.framework; name = CoreMotion.framework; path = System/Library/Frameworks/CoreMotion.framework; sourceTree = SDKROOT; };
		58D83AF61D33D457003E2B8F /* CFNetwork.framework */ = {isa = PBXFileReference; lastKnownFileType = wrapper.framework; name = CFNetwork.framework; path = System/Library/Frameworks/CFNetwork.framework; sourceTree = SDKROOT; };
		58D83AF81D33D460003E2B8F /* Foundation.framework */ = {isa = PBXFileReference; lastKnownFileType = wrapper.framework; name = Foundation.framework; path = System/Library/Frameworks/Foundation.framework; sourceTree = SDKROOT; };
		58D83AFA1D33D467003E2B8F /* UIKit.framework */ = {isa = PBXFileReference; lastKnownFileType = wrapper.framework; name = UIKit.framework; path = System/Library/Frameworks/UIKit.framework; sourceTree = SDKROOT; };
		58D83AFC1D33D470003E2B8F /* CoreGraphics.framework */ = {isa = PBXFileReference; lastKnownFileType = wrapper.framework; name = CoreGraphics.framework; path = System/Library/Frameworks/CoreGraphics.framework; sourceTree = SDKROOT; };
		58D83AFE1D33D47D003E2B8F /* CoreText.framework */ = {isa = PBXFileReference; lastKnownFileType = wrapper.framework; name = CoreText.framework; path = System/Library/Frameworks/CoreText.framework; sourceTree = SDKROOT; };
		58D83B001D33D4A1003E2B8F /* QuartzCore.framework */ = {isa = PBXFileReference; lastKnownFileType = wrapper.framework; name = QuartzCore.framework; path = System/Library/Frameworks/QuartzCore.framework; sourceTree = SDKROOT; };
		58D83B021D33D4AC003E2B8F /* CoreTelephony.framework */ = {isa = PBXFileReference; lastKnownFileType = wrapper.framework; name = CoreTelephony.framework; path = System/Library/Frameworks/CoreTelephony.framework; sourceTree = SDKROOT; };
		58D83B041D33D4BA003E2B8F /* SystemConfiguration.framework */ = {isa = PBXFileReference; lastKnownFileType = wrapper.framework; name = SystemConfiguration.framework; path = System/Library/Frameworks/SystemConfiguration.framework; sourceTree = SDKROOT; };
		58D83B061D33D4D7003E2B8F /* libz.tbd */ = {isa = PBXFileReference; lastKnownFileType = "sourcecode.text-based-dylib-definition"; name = libz.tbd; path = usr/lib/libz.tbd; sourceTree = SDKROOT; };
		58D83B081D33D4E9003E2B8F /* libc++.tbd */ = {isa = PBXFileReference; lastKnownFileType = "sourcecode.text-based-dylib-definition"; name = "libc++.tbd"; path = "usr/lib/libc++.tbd"; sourceTree = SDKROOT; };
		58D83B0D1D33D928003E2B8F /* Order.h */ = {isa = PBXFileReference; fileEncoding = 4; lastKnownFileType = sourcecode.c.h; path = Order.h; sourceTree = "<group>"; };
		58D83B0E1D33D928003E2B8F /* Order.m */ = {isa = PBXFileReference; fileEncoding = 4; lastKnownFileType = sourcecode.c.objc; path = Order.m; sourceTree = "<group>"; };
		58D83B111D33E02E003E2B8F /* aes.h */ = {isa = PBXFileReference; fileEncoding = 4; lastKnownFileType = sourcecode.c.h; path = aes.h; sourceTree = "<group>"; };
		58D83B121D33E02E003E2B8F /* asn1.h */ = {isa = PBXFileReference; fileEncoding = 4; lastKnownFileType = sourcecode.c.h; path = asn1.h; sourceTree = "<group>"; };
		58D83B131D33E02E003E2B8F /* asn1_mac.h */ = {isa = PBXFileReference; fileEncoding = 4; lastKnownFileType = sourcecode.c.h; path = asn1_mac.h; sourceTree = "<group>"; };
		58D83B141D33E02E003E2B8F /* asn1t.h */ = {isa = PBXFileReference; fileEncoding = 4; lastKnownFileType = sourcecode.c.h; path = asn1t.h; sourceTree = "<group>"; };
		58D83B151D33E02E003E2B8F /* bio.h */ = {isa = PBXFileReference; fileEncoding = 4; lastKnownFileType = sourcecode.c.h; path = bio.h; sourceTree = "<group>"; };
		58D83B161D33E02E003E2B8F /* blowfish.h */ = {isa = PBXFileReference; fileEncoding = 4; lastKnownFileType = sourcecode.c.h; path = blowfish.h; sourceTree = "<group>"; };
		58D83B171D33E02E003E2B8F /* bn.h */ = {isa = PBXFileReference; fileEncoding = 4; lastKnownFileType = sourcecode.c.h; path = bn.h; sourceTree = "<group>"; };
		58D83B181D33E02E003E2B8F /* buffer.h */ = {isa = PBXFileReference; fileEncoding = 4; lastKnownFileType = sourcecode.c.h; path = buffer.h; sourceTree = "<group>"; };
		58D83B191D33E02E003E2B8F /* camellia.h */ = {isa = PBXFileReference; fileEncoding = 4; lastKnownFileType = sourcecode.c.h; path = camellia.h; sourceTree = "<group>"; };
		58D83B1A1D33E02E003E2B8F /* cast.h */ = {isa = PBXFileReference; fileEncoding = 4; lastKnownFileType = sourcecode.c.h; path = cast.h; sourceTree = "<group>"; };
		58D83B1B1D33E02E003E2B8F /* cmac.h */ = {isa = PBXFileReference; fileEncoding = 4; lastKnownFileType = sourcecode.c.h; path = cmac.h; sourceTree = "<group>"; };
		58D83B1C1D33E02E003E2B8F /* cms.h */ = {isa = PBXFileReference; fileEncoding = 4; lastKnownFileType = sourcecode.c.h; path = cms.h; sourceTree = "<group>"; };
		58D83B1D1D33E02E003E2B8F /* comp.h */ = {isa = PBXFileReference; fileEncoding = 4; lastKnownFileType = sourcecode.c.h; path = comp.h; sourceTree = "<group>"; };
		58D83B1E1D33E02E003E2B8F /* conf.h */ = {isa = PBXFileReference; fileEncoding = 4; lastKnownFileType = sourcecode.c.h; path = conf.h; sourceTree = "<group>"; };
		58D83B1F1D33E02E003E2B8F /* conf_api.h */ = {isa = PBXFileReference; fileEncoding = 4; lastKnownFileType = sourcecode.c.h; path = conf_api.h; sourceTree = "<group>"; };
		58D83B201D33E02E003E2B8F /* crypto.h */ = {isa = PBXFileReference; fileEncoding = 4; lastKnownFileType = sourcecode.c.h; path = crypto.h; sourceTree = "<group>"; };
		58D83B211D33E02E003E2B8F /* des.h */ = {isa = PBXFileReference; fileEncoding = 4; lastKnownFileType = sourcecode.c.h; path = des.h; sourceTree = "<group>"; };
		58D83B221D33E02E003E2B8F /* des_old.h */ = {isa = PBXFileReference; fileEncoding = 4; lastKnownFileType = sourcecode.c.h; path = des_old.h; sourceTree = "<group>"; };
		58D83B231D33E02E003E2B8F /* dh.h */ = {isa = PBXFileReference; fileEncoding = 4; lastKnownFileType = sourcecode.c.h; path = dh.h; sourceTree = "<group>"; };
		58D83B241D33E02E003E2B8F /* dsa.h */ = {isa = PBXFileReference; fileEncoding = 4; lastKnownFileType = sourcecode.c.h; path = dsa.h; sourceTree = "<group>"; };
		58D83B251D33E02E003E2B8F /* dso.h */ = {isa = PBXFileReference; fileEncoding = 4; lastKnownFileType = sourcecode.c.h; path = dso.h; sourceTree = "<group>"; };
		58D83B261D33E02E003E2B8F /* dtls1.h */ = {isa = PBXFileReference; fileEncoding = 4; lastKnownFileType = sourcecode.c.h; path = dtls1.h; sourceTree = "<group>"; };
		58D83B271D33E02E003E2B8F /* e_os2.h */ = {isa = PBXFileReference; fileEncoding = 4; lastKnownFileType = sourcecode.c.h; path = e_os2.h; sourceTree = "<group>"; };
		58D83B281D33E02E003E2B8F /* ebcdic.h */ = {isa = PBXFileReference; fileEncoding = 4; lastKnownFileType = sourcecode.c.h; path = ebcdic.h; sourceTree = "<group>"; };
		58D83B291D33E02E003E2B8F /* ec.h */ = {isa = PBXFileReference; fileEncoding = 4; lastKnownFileType = sourcecode.c.h; path = ec.h; sourceTree = "<group>"; };
		58D83B2A1D33E02E003E2B8F /* ecdh.h */ = {isa = PBXFileReference; fileEncoding = 4; lastKnownFileType = sourcecode.c.h; path = ecdh.h; sourceTree = "<group>"; };
		58D83B2B1D33E02E003E2B8F /* ecdsa.h */ = {isa = PBXFileReference; fileEncoding = 4; lastKnownFileType = sourcecode.c.h; path = ecdsa.h; sourceTree = "<group>"; };
		58D83B2C1D33E02E003E2B8F /* engine.h */ = {isa = PBXFileReference; fileEncoding = 4; lastKnownFileType = sourcecode.c.h; path = engine.h; sourceTree = "<group>"; };
		58D83B2D1D33E02E003E2B8F /* err.h */ = {isa = PBXFileReference; fileEncoding = 4; lastKnownFileType = sourcecode.c.h; path = err.h; sourceTree = "<group>"; };
		58D83B2E1D33E02E003E2B8F /* evp.h */ = {isa = PBXFileReference; fileEncoding = 4; lastKnownFileType = sourcecode.c.h; path = evp.h; sourceTree = "<group>"; };
		58D83B2F1D33E02E003E2B8F /* hmac.h */ = {isa = PBXFileReference; fileEncoding = 4; lastKnownFileType = sourcecode.c.h; path = hmac.h; sourceTree = "<group>"; };
		58D83B301D33E02E003E2B8F /* idea.h */ = {isa = PBXFileReference; fileEncoding = 4; lastKnownFileType = sourcecode.c.h; path = idea.h; sourceTree = "<group>"; };
		58D83B311D33E02E003E2B8F /* krb5_asn.h */ = {isa = PBXFileReference; fileEncoding = 4; lastKnownFileType = sourcecode.c.h; path = krb5_asn.h; sourceTree = "<group>"; };
		58D83B321D33E02E003E2B8F /* kssl.h */ = {isa = PBXFileReference; fileEncoding = 4; lastKnownFileType = sourcecode.c.h; path = kssl.h; sourceTree = "<group>"; };
		58D83B331D33E02E003E2B8F /* lhash.h */ = {isa = PBXFileReference; fileEncoding = 4; lastKnownFileType = sourcecode.c.h; path = lhash.h; sourceTree = "<group>"; };
		58D83B341D33E02E003E2B8F /* md4.h */ = {isa = PBXFileReference; fileEncoding = 4; lastKnownFileType = sourcecode.c.h; path = md4.h; sourceTree = "<group>"; };
		58D83B351D33E02E003E2B8F /* md5.h */ = {isa = PBXFileReference; fileEncoding = 4; lastKnownFileType = sourcecode.c.h; path = md5.h; sourceTree = "<group>"; };
		58D83B361D33E02E003E2B8F /* mdc2.h */ = {isa = PBXFileReference; fileEncoding = 4; lastKnownFileType = sourcecode.c.h; path = mdc2.h; sourceTree = "<group>"; };
		58D83B371D33E02E003E2B8F /* modes.h */ = {isa = PBXFileReference; fileEncoding = 4; lastKnownFileType = sourcecode.c.h; path = modes.h; sourceTree = "<group>"; };
		58D83B381D33E02E003E2B8F /* obj_mac.h */ = {isa = PBXFileReference; fileEncoding = 4; lastKnownFileType = sourcecode.c.h; path = obj_mac.h; sourceTree = "<group>"; };
		58D83B391D33E02E003E2B8F /* objects.h */ = {isa = PBXFileReference; fileEncoding = 4; lastKnownFileType = sourcecode.c.h; path = objects.h; sourceTree = "<group>"; };
		58D83B3A1D33E02E003E2B8F /* ocsp.h */ = {isa = PBXFileReference; fileEncoding = 4; lastKnownFileType = sourcecode.c.h; path = ocsp.h; sourceTree = "<group>"; };
		58D83B3B1D33E02E003E2B8F /* opensslconf.h */ = {isa = PBXFileReference; fileEncoding = 4; lastKnownFileType = sourcecode.c.h; path = opensslconf.h; sourceTree = "<group>"; };
		58D83B3C1D33E02E003E2B8F /* opensslv.h */ = {isa = PBXFileReference; fileEncoding = 4; lastKnownFileType = sourcecode.c.h; path = opensslv.h; sourceTree = "<group>"; };
		58D83B3D1D33E02E003E2B8F /* ossl_typ.h */ = {isa = PBXFileReference; fileEncoding = 4; lastKnownFileType = sourcecode.c.h; path = ossl_typ.h; sourceTree = "<group>"; };
		58D83B3E1D33E02E003E2B8F /* pem.h */ = {isa = PBXFileReference; fileEncoding = 4; lastKnownFileType = sourcecode.c.h; path = pem.h; sourceTree = "<group>"; };
		58D83B3F1D33E02E003E2B8F /* pem2.h */ = {isa = PBXFileReference; fileEncoding = 4; lastKnownFileType = sourcecode.c.h; path = pem2.h; sourceTree = "<group>"; };
		58D83B401D33E02E003E2B8F /* pkcs12.h */ = {isa = PBXFileReference; fileEncoding = 4; lastKnownFileType = sourcecode.c.h; path = pkcs12.h; sourceTree = "<group>"; };
		58D83B411D33E02E003E2B8F /* pkcs7.h */ = {isa = PBXFileReference; fileEncoding = 4; lastKnownFileType = sourcecode.c.h; path = pkcs7.h; sourceTree = "<group>"; };
		58D83B421D33E02E003E2B8F /* pqueue.h */ = {isa = PBXFileReference; fileEncoding = 4; lastKnownFileType = sourcecode.c.h; path = pqueue.h; sourceTree = "<group>"; };
		58D83B431D33E02E003E2B8F /* rand.h */ = {isa = PBXFileReference; fileEncoding = 4; lastKnownFileType = sourcecode.c.h; path = rand.h; sourceTree = "<group>"; };
		58D83B441D33E02E003E2B8F /* rc2.h */ = {isa = PBXFileReference; fileEncoding = 4; lastKnownFileType = sourcecode.c.h; path = rc2.h; sourceTree = "<group>"; };
		58D83B451D33E02E003E2B8F /* rc4.h */ = {isa = PBXFileReference; fileEncoding = 4; lastKnownFileType = sourcecode.c.h; path = rc4.h; sourceTree = "<group>"; };
		58D83B461D33E02E003E2B8F /* ripemd.h */ = {isa = PBXFileReference; fileEncoding = 4; lastKnownFileType = sourcecode.c.h; path = ripemd.h; sourceTree = "<group>"; };
		58D83B471D33E02E003E2B8F /* rsa.h */ = {isa = PBXFileReference; fileEncoding = 4; lastKnownFileType = sourcecode.c.h; path = rsa.h; sourceTree = "<group>"; };
		58D83B481D33E02E003E2B8F /* safestack.h */ = {isa = PBXFileReference; fileEncoding = 4; lastKnownFileType = sourcecode.c.h; path = safestack.h; sourceTree = "<group>"; };
		58D83B491D33E02E003E2B8F /* seed.h */ = {isa = PBXFileReference; fileEncoding = 4; lastKnownFileType = sourcecode.c.h; path = seed.h; sourceTree = "<group>"; };
		58D83B4A1D33E02E003E2B8F /* sha.h */ = {isa = PBXFileReference; fileEncoding = 4; lastKnownFileType = sourcecode.c.h; path = sha.h; sourceTree = "<group>"; };
		58D83B4B1D33E02E003E2B8F /* srp.h */ = {isa = PBXFileReference; fileEncoding = 4; lastKnownFileType = sourcecode.c.h; path = srp.h; sourceTree = "<group>"; };
		58D83B4C1D33E02E003E2B8F /* srtp.h */ = {isa = PBXFileReference; fileEncoding = 4; lastKnownFileType = sourcecode.c.h; path = srtp.h; sourceTree = "<group>"; };
		58D83B4D1D33E02E003E2B8F /* ssl.h */ = {isa = PBXFileReference; fileEncoding = 4; lastKnownFileType = sourcecode.c.h; path = ssl.h; sourceTree = "<group>"; };
		58D83B4E1D33E02E003E2B8F /* ssl2.h */ = {isa = PBXFileReference; fileEncoding = 4; lastKnownFileType = sourcecode.c.h; path = ssl2.h; sourceTree = "<group>"; };
		58D83B4F1D33E02E003E2B8F /* ssl23.h */ = {isa = PBXFileReference; fileEncoding = 4; lastKnownFileType = sourcecode.c.h; path = ssl23.h; sourceTree = "<group>"; };
		58D83B501D33E02E003E2B8F /* ssl3.h */ = {isa = PBXFileReference; fileEncoding = 4; lastKnownFileType = sourcecode.c.h; path = ssl3.h; sourceTree = "<group>"; };
		58D83B511D33E02E003E2B8F /* stack.h */ = {isa = PBXFileReference; fileEncoding = 4; lastKnownFileType = sourcecode.c.h; path = stack.h; sourceTree = "<group>"; };
		58D83B521D33E02E003E2B8F /* symhacks.h */ = {isa = PBXFileReference; fileEncoding = 4; lastKnownFileType = sourcecode.c.h; path = symhacks.h; sourceTree = "<group>"; };
		58D83B531D33E02E003E2B8F /* tls1.h */ = {isa = PBXFileReference; fileEncoding = 4; lastKnownFileType = sourcecode.c.h; path = tls1.h; sourceTree = "<group>"; };
		58D83B541D33E02E003E2B8F /* ts.h */ = {isa = PBXFileReference; fileEncoding = 4; lastKnownFileType = sourcecode.c.h; path = ts.h; sourceTree = "<group>"; };
		58D83B551D33E02E003E2B8F /* txt_db.h */ = {isa = PBXFileReference; fileEncoding = 4; lastKnownFileType = sourcecode.c.h; path = txt_db.h; sourceTree = "<group>"; };
		58D83B561D33E02E003E2B8F /* ui.h */ = {isa = PBXFileReference; fileEncoding = 4; lastKnownFileType = sourcecode.c.h; path = ui.h; sourceTree = "<group>"; };
		58D83B571D33E02E003E2B8F /* ui_compat.h */ = {isa = PBXFileReference; fileEncoding = 4; lastKnownFileType = sourcecode.c.h; path = ui_compat.h; sourceTree = "<group>"; };
		58D83B581D33E02E003E2B8F /* whrlpool.h */ = {isa = PBXFileReference; fileEncoding = 4; lastKnownFileType = sourcecode.c.h; path = whrlpool.h; sourceTree = "<group>"; };
		58D83B591D33E02E003E2B8F /* x509.h */ = {isa = PBXFileReference; fileEncoding = 4; lastKnownFileType = sourcecode.c.h; path = x509.h; sourceTree = "<group>"; };
		58D83B5A1D33E02E003E2B8F /* x509_vfy.h */ = {isa = PBXFileReference; fileEncoding = 4; lastKnownFileType = sourcecode.c.h; path = x509_vfy.h; sourceTree = "<group>"; };
		58D83B5B1D33E02E003E2B8F /* x509v3.h */ = {isa = PBXFileReference; fileEncoding = 4; lastKnownFileType = sourcecode.c.h; path = x509v3.h; sourceTree = "<group>"; };
		58D83B5D1D33E02E003E2B8F /* base64.h */ = {isa = PBXFileReference; fileEncoding = 4; lastKnownFileType = sourcecode.c.h; path = base64.h; sourceTree = "<group>"; };
		58D83B5E1D33E02E003E2B8F /* base64.m */ = {isa = PBXFileReference; fileEncoding = 4; lastKnownFileType = sourcecode.c.objc; path = base64.m; sourceTree = "<group>"; };
		58D83B5F1D33E02E003E2B8F /* config.h */ = {isa = PBXFileReference; fileEncoding = 4; lastKnownFileType = sourcecode.c.h; path = config.h; sourceTree = "<group>"; };
		58D83B601D33E02E003E2B8F /* DataSigner.h */ = {isa = PBXFileReference; fileEncoding = 4; lastKnownFileType = sourcecode.c.h; path = DataSigner.h; sourceTree = "<group>"; };
		58D83B611D33E02E003E2B8F /* DataSigner.m */ = {isa = PBXFileReference; fileEncoding = 4; lastKnownFileType = sourcecode.c.objc; path = DataSigner.m; sourceTree = "<group>"; };
		58D83B621D33E02E003E2B8F /* DataVerifier.h */ = {isa = PBXFileReference; fileEncoding = 4; lastKnownFileType = sourcecode.c.h; path = DataVerifier.h; sourceTree = "<group>"; };
		58D83B631D33E02E003E2B8F /* DataVerifier.m */ = {isa = PBXFileReference; fileEncoding = 4; lastKnownFileType = sourcecode.c.objc; path = DataVerifier.m; sourceTree = "<group>"; };
		58D83B641D33E02E003E2B8F /* MD5DataSigner.h */ = {isa = PBXFileReference; fileEncoding = 4; lastKnownFileType = sourcecode.c.h; path = MD5DataSigner.h; sourceTree = "<group>"; };
		58D83B651D33E02E003E2B8F /* MD5DataSigner.m */ = {isa = PBXFileReference; fileEncoding = 4; lastKnownFileType = sourcecode.c.objc; path = MD5DataSigner.m; sourceTree = "<group>"; };
		58D83B661D33E02E003E2B8F /* NSDataEx.h */ = {isa = PBXFileReference; fileEncoding = 4; lastKnownFileType = sourcecode.c.h; path = NSDataEx.h; sourceTree = "<group>"; };
		58D83B671D33E02E003E2B8F /* NSDataEx.m */ = {isa = PBXFileReference; fileEncoding = 4; lastKnownFileType = sourcecode.c.objc; path = NSDataEx.m; sourceTree = "<group>"; };
		58D83B681D33E02E003E2B8F /* openssl_wrapper.h */ = {isa = PBXFileReference; fileEncoding = 4; lastKnownFileType = sourcecode.c.h; path = openssl_wrapper.h; sourceTree = "<group>"; };
		58D83B691D33E02E003E2B8F /* openssl_wrapper.m */ = {isa = PBXFileReference; fileEncoding = 4; lastKnownFileType = sourcecode.c.objc; path = openssl_wrapper.m; sourceTree = "<group>"; };
		58D83B6A1D33E02E003E2B8F /* RSADataSigner.h */ = {isa = PBXFileReference; fileEncoding = 4; lastKnownFileType = sourcecode.c.h; path = RSADataSigner.h; sourceTree = "<group>"; };
		58D83B6B1D33E02E003E2B8F /* RSADataSigner.m */ = {isa = PBXFileReference; fileEncoding = 4; lastKnownFileType = sourcecode.c.objc; path = RSADataSigner.m; sourceTree = "<group>"; };
		58D83B6C1D33E02E003E2B8F /* RSADataVerifier.h */ = {isa = PBXFileReference; fileEncoding = 4; lastKnownFileType = sourcecode.c.h; path = RSADataVerifier.h; sourceTree = "<group>"; };
		58D83B6D1D33E02E003E2B8F /* RSADataVerifier.m */ = {isa = PBXFileReference; fileEncoding = 4; lastKnownFileType = sourcecode.c.objc; path = RSADataVerifier.m; sourceTree = "<group>"; };
		58D83B761D33E131003E2B8F /* libcrypto.a */ = {isa = PBXFileReference; lastKnownFileType = archive.ar; path = libcrypto.a; sourceTree = "<group>"; };
		58D83B771D33E131003E2B8F /* libssl.a */ = {isa = PBXFileReference; lastKnownFileType = archive.ar; path = libssl.a; sourceTree = "<group>"; };
/* End PBXFileReference section */

/* Begin PBXFrameworksBuildPhase section */
		58D83AD21D33D0DC003E2B8F /* Frameworks */ = {
			isa = PBXFrameworksBuildPhase;
			buildActionMask = 2147483647;
			files = (
				58D83B091D33D4E9003E2B8F /* libc++.tbd in Frameworks */,
				58D83B071D33D4D7003E2B8F /* libz.tbd in Frameworks */,
				58D83B791D33E131003E2B8F /* libssl.a in Frameworks */,
				58D83B051D33D4BA003E2B8F /* SystemConfiguration.framework in Frameworks */,
				58D83B031D33D4AC003E2B8F /* CoreTelephony.framework in Frameworks */,
				58D83B011D33D4A1003E2B8F /* QuartzCore.framework in Frameworks */,
				58D83AFF1D33D47D003E2B8F /* CoreText.framework in Frameworks */,
				58D83AFD1D33D470003E2B8F /* CoreGraphics.framework in Frameworks */,
				58D83AFB1D33D467003E2B8F /* UIKit.framework in Frameworks */,
				58D83AF91D33D460003E2B8F /* Foundation.framework in Frameworks */,
				58D83AF71D33D457003E2B8F /* CFNetwork.framework in Frameworks */,
				58D83B781D33E131003E2B8F /* libcrypto.a in Frameworks */,
				58D83AF51D33D44B003E2B8F /* CoreMotion.framework in Frameworks */,
				58D83AF31D33D150003E2B8F /* AlipaySDK.framework in Frameworks */,
			);
			runOnlyForDeploymentPostprocessing = 0;
		};
/* End PBXFrameworksBuildPhase section */

/* Begin PBXGroup section */
		58D83ACC1D33D0DC003E2B8F = {
			isa = PBXGroup;
			children = (
				58D83B081D33D4E9003E2B8F /* libc++.tbd */,
				58D83B061D33D4D7003E2B8F /* libz.tbd */,
				58D83B041D33D4BA003E2B8F /* SystemConfiguration.framework */,
				58D83B021D33D4AC003E2B8F /* CoreTelephony.framework */,
				58D83B001D33D4A1003E2B8F /* QuartzCore.framework */,
				58D83AFE1D33D47D003E2B8F /* CoreText.framework */,
				58D83AFC1D33D470003E2B8F /* CoreGraphics.framework */,
				58D83AFA1D33D467003E2B8F /* UIKit.framework */,
				58D83AF81D33D460003E2B8F /* Foundation.framework */,
				58D83AF61D33D457003E2B8F /* CFNetwork.framework */,
				58D83AF41D33D44B003E2B8F /* CoreMotion.framework */,
				58D83AD71D33D0DC003E2B8F /* Alipay */,
				58D83AD61D33D0DC003E2B8F /* Products */,
			);
			sourceTree = "<group>";
		};
		58D83AD61D33D0DC003E2B8F /* Products */ = {
			isa = PBXGroup;
			children = (
				58D83AD51D33D0DC003E2B8F /* Alipay.app */,
			);
			name = Products;
			sourceTree = "<group>";
		};
		58D83AD71D33D0DC003E2B8F /* Alipay */ = {
			isa = PBXGroup;
			children = (
				58D83AEF1D33D13C003E2B8F /* AlipaySDK */,
				58D83ADB1D33D0DC003E2B8F /* AppDelegate.h */,
				58D83ADC1D33D0DC003E2B8F /* AppDelegate.m */,
				58D83ADE1D33D0DC003E2B8F /* ViewController.h */,
				58D83ADF1D33D0DC003E2B8F /* ViewController.m */,
				58D83AE11D33D0DC003E2B8F /* Main.storyboard */,
				58D83AE41D33D0DC003E2B8F /* Assets.xcassets */,
				58D83AE61D33D0DC003E2B8F /* LaunchScreen.storyboard */,
				58D83AE91D33D0DC003E2B8F /* Info.plist */,
				58D83AD81D33D0DC003E2B8F /* Supporting Files */,
			);
			path = Alipay;
			sourceTree = "<group>";
		};
		58D83AD81D33D0DC003E2B8F /* Supporting Files */ = {
			isa = PBXGroup;
			children = (
				58D83AD91D33D0DC003E2B8F /* main.m */,
			);
			name = "Supporting Files";
			sourceTree = "<group>";
		};
		58D83AEF1D33D13C003E2B8F /* AlipaySDK */ = {
			isa = PBXGroup;
			children = (
				58D83B761D33E131003E2B8F /* libcrypto.a */,
				58D83B771D33E131003E2B8F /* libssl.a */,
				58D83B101D33E02E003E2B8F /* openssl */,
				58D83B5C1D33E02E003E2B8F /* Util */,
				58D83B0D1D33D928003E2B8F /* Order.h */,
				58D83B0E1D33D928003E2B8F /* Order.m */,
				58D83AF01D33D150003E2B8F /* AlipaySDK.bundle */,
				58D83AF11D33D150003E2B8F /* AlipaySDK.framework */,
			);
			name = AlipaySDK;
			sourceTree = "<group>";
		};
		58D83B101D33E02E003E2B8F /* openssl */ = {
			isa = PBXGroup;
			children = (
				58D83B111D33E02E003E2B8F /* aes.h */,
				58D83B121D33E02E003E2B8F /* asn1.h */,
				58D83B131D33E02E003E2B8F /* asn1_mac.h */,
				58D83B141D33E02E003E2B8F /* asn1t.h */,
				58D83B151D33E02E003E2B8F /* bio.h */,
				58D83B161D33E02E003E2B8F /* blowfish.h */,
				58D83B171D33E02E003E2B8F /* bn.h */,
				58D83B181D33E02E003E2B8F /* buffer.h */,
				58D83B191D33E02E003E2B8F /* camellia.h */,
				58D83B1A1D33E02E003E2B8F /* cast.h */,
				58D83B1B1D33E02E003E2B8F /* cmac.h */,
				58D83B1C1D33E02E003E2B8F /* cms.h */,
				58D83B1D1D33E02E003E2B8F /* comp.h */,
				58D83B1E1D33E02E003E2B8F /* conf.h */,
				58D83B1F1D33E02E003E2B8F /* conf_api.h */,
				58D83B201D33E02E003E2B8F /* crypto.h */,
				58D83B211D33E02E003E2B8F /* des.h */,
				58D83B221D33E02E003E2B8F /* des_old.h */,
				58D83B231D33E02E003E2B8F /* dh.h */,
				58D83B241D33E02E003E2B8F /* dsa.h */,
				58D83B251D33E02E003E2B8F /* dso.h */,
				58D83B261D33E02E003E2B8F /* dtls1.h */,
				58D83B271D33E02E003E2B8F /* e_os2.h */,
				58D83B281D33E02E003E2B8F /* ebcdic.h */,
				58D83B291D33E02E003E2B8F /* ec.h */,
				58D83B2A1D33E02E003E2B8F /* ecdh.h */,
				58D83B2B1D33E02E003E2B8F /* ecdsa.h */,
				58D83B2C1D33E02E003E2B8F /* engine.h */,
				58D83B2D1D33E02E003E2B8F /* err.h */,
				58D83B2E1D33E02E003E2B8F /* evp.h */,
				58D83B2F1D33E02E003E2B8F /* hmac.h */,
				58D83B301D33E02E003E2B8F /* idea.h */,
				58D83B311D33E02E003E2B8F /* krb5_asn.h */,
				58D83B321D33E02E003E2B8F /* kssl.h */,
				58D83B331D33E02E003E2B8F /* lhash.h */,
				58D83B341D33E02E003E2B8F /* md4.h */,
				58D83B351D33E02E003E2B8F /* md5.h */,
				58D83B361D33E02E003E2B8F /* mdc2.h */,
				58D83B371D33E02E003E2B8F /* modes.h */,
				58D83B381D33E02E003E2B8F /* obj_mac.h */,
				58D83B391D33E02E003E2B8F /* objects.h */,
				58D83B3A1D33E02E003E2B8F /* ocsp.h */,
				58D83B3B1D33E02E003E2B8F /* opensslconf.h */,
				58D83B3C1D33E02E003E2B8F /* opensslv.h */,
				58D83B3D1D33E02E003E2B8F /* ossl_typ.h */,
				58D83B3E1D33E02E003E2B8F /* pem.h */,
				58D83B3F1D33E02E003E2B8F /* pem2.h */,
				58D83B401D33E02E003E2B8F /* pkcs12.h */,
				58D83B411D33E02E003E2B8F /* pkcs7.h */,
				58D83B421D33E02E003E2B8F /* pqueue.h */,
				58D83B431D33E02E003E2B8F /* rand.h */,
				58D83B441D33E02E003E2B8F /* rc2.h */,
				58D83B451D33E02E003E2B8F /* rc4.h */,
				58D83B461D33E02E003E2B8F /* ripemd.h */,
				58D83B471D33E02E003E2B8F /* rsa.h */,
				58D83B481D33E02E003E2B8F /* safestack.h */,
				58D83B491D33E02E003E2B8F /* seed.h */,
				58D83B4A1D33E02E003E2B8F /* sha.h */,
				58D83B4B1D33E02E003E2B8F /* srp.h */,
				58D83B4C1D33E02E003E2B8F /* srtp.h */,
				58D83B4D1D33E02E003E2B8F /* ssl.h */,
				58D83B4E1D33E02E003E2B8F /* ssl2.h */,
				58D83B4F1D33E02E003E2B8F /* ssl23.h */,
				58D83B501D33E02E003E2B8F /* ssl3.h */,
				58D83B511D33E02E003E2B8F /* stack.h */,
				58D83B521D33E02E003E2B8F /* symhacks.h */,
				58D83B531D33E02E003E2B8F /* tls1.h */,
				58D83B541D33E02E003E2B8F /* ts.h */,
				58D83B551D33E02E003E2B8F /* txt_db.h */,
				58D83B561D33E02E003E2B8F /* ui.h */,
				58D83B571D33E02E003E2B8F /* ui_compat.h */,
				58D83B581D33E02E003E2B8F /* whrlpool.h */,
				58D83B591D33E02E003E2B8F /* x509.h */,
				58D83B5A1D33E02E003E2B8F /* x509_vfy.h */,
				58D83B5B1D33E02E003E2B8F /* x509v3.h */,
			);
			path = openssl;
			sourceTree = "<group>";
		};
		58D83B5C1D33E02E003E2B8F /* Util */ = {
			isa = PBXGroup;
			children = (
				58D83B5D1D33E02E003E2B8F /* base64.h */,
				58D83B5E1D33E02E003E2B8F /* base64.m */,
				58D83B5F1D33E02E003E2B8F /* config.h */,
				58D83B601D33E02E003E2B8F /* DataSigner.h */,
				58D83B611D33E02E003E2B8F /* DataSigner.m */,
				58D83B621D33E02E003E2B8F /* DataVerifier.h */,
				58D83B631D33E02E003E2B8F /* DataVerifier.m */,
				58D83B641D33E02E003E2B8F /* MD5DataSigner.h */,
				58D83B651D33E02E003E2B8F /* MD5DataSigner.m */,
				58D83B661D33E02E003E2B8F /* NSDataEx.h */,
				58D83B671D33E02E003E2B8F /* NSDataEx.m */,
				58D83B681D33E02E003E2B8F /* openssl_wrapper.h */,
				58D83B691D33E02E003E2B8F /* openssl_wrapper.m */,
				58D83B6A1D33E02E003E2B8F /* RSADataSigner.h */,
				58D83B6B1D33E02E003E2B8F /* RSADataSigner.m */,
				58D83B6C1D33E02E003E2B8F /* RSADataVerifier.h */,
				58D83B6D1D33E02E003E2B8F /* RSADataVerifier.m */,
			);
			path = Util;
			sourceTree = "<group>";
		};
/* End PBXGroup section */

/* Begin PBXNativeTarget section */
		58D83AD41D33D0DC003E2B8F /* Alipay */ = {
			isa = PBXNativeTarget;
			buildConfigurationList = 58D83AEC1D33D0DC003E2B8F /* Build configuration list for PBXNativeTarget "Alipay" */;
			buildPhases = (
				58D83AD11D33D0DC003E2B8F /* Sources */,
				58D83AD21D33D0DC003E2B8F /* Frameworks */,
				58D83AD31D33D0DC003E2B8F /* Resources */,
			);
			buildRules = (
			);
			dependencies = (
			);
			name = Alipay;
			productName = Alipay;
			productReference = 58D83AD51D33D0DC003E2B8F /* Alipay.app */;
			productType = "com.apple.product-type.application";
		};
/* End PBXNativeTarget section */

/* Begin PBXProject section */
		58D83ACD1D33D0DC003E2B8F /* Project object */ = {
			isa = PBXProject;
			attributes = {
				LastUpgradeCheck = 0720;
				ORGANIZATIONNAME = TowMen;
				TargetAttributes = {
					58D83AD41D33D0DC003E2B8F = {
						CreatedOnToolsVersion = 7.2;
						DevelopmentTeam = 7TTNEW2X82;
					};
				};
			};
			buildConfigurationList = 58D83AD01D33D0DC003E2B8F /* Build configuration list for PBXProject "Alipay" */;
			compatibilityVersion = "Xcode 3.2";
			developmentRegion = English;
			hasScannedForEncodings = 0;
			knownRegions = (
				en,
				Base,
			);
			mainGroup = 58D83ACC1D33D0DC003E2B8F;
			productRefGroup = 58D83AD61D33D0DC003E2B8F /* Products */;
			projectDirPath = "";
			projectRoot = "";
			targets = (
				58D83AD41D33D0DC003E2B8F /* Alipay */,
			);
		};
/* End PBXProject section */

/* Begin PBXResourcesBuildPhase section */
		58D83AD31D33D0DC003E2B8F /* Resources */ = {
			isa = PBXResourcesBuildPhase;
			buildActionMask = 2147483647;
			files = (
				58D83AE81D33D0DC003E2B8F /* LaunchScreen.storyboard in Resources */,
				58D83AE51D33D0DC003E2B8F /* Assets.xcassets in Resources */,
				58D83AF21D33D150003E2B8F /* AlipaySDK.bundle in Resources */,
				58D83AE31D33D0DC003E2B8F /* Main.storyboard in Resources */,
			);
			runOnlyForDeploymentPostprocessing = 0;
		};
/* End PBXResourcesBuildPhase section */

/* Begin PBXSourcesBuildPhase section */
		58D83AD11D33D0DC003E2B8F /* Sources */ = {
			isa = PBXSourcesBuildPhase;
			buildActionMask = 2147483647;
			files = (
				58D83B6E1D33E02E003E2B8F /* base64.m in Sources */,
				58D83AE01D33D0DC003E2B8F /* ViewController.m in Sources */,
				58D83B721D33E02E003E2B8F /* NSDataEx.m in Sources */,
				58D83B711D33E02E003E2B8F /* MD5DataSigner.m in Sources */,
				58D83B751D33E02E003E2B8F /* RSADataVerifier.m in Sources */,
				58D83ADD1D33D0DC003E2B8F /* AppDelegate.m in Sources */,
				58D83B6F1D33E02E003E2B8F /* DataSigner.m in Sources */,
				58D83B741D33E02E003E2B8F /* RSADataSigner.m in Sources */,
				58D83B731D33E02E003E2B8F /* openssl_wrapper.m in Sources */,
				58D83B0F1D33D928003E2B8F /* Order.m in Sources */,
				58D83ADA1D33D0DC003E2B8F /* main.m in Sources */,
				58D83B701D33E02E003E2B8F /* DataVerifier.m in Sources */,
			);
			runOnlyForDeploymentPostprocessing = 0;
		};
/* End PBXSourcesBuildPhase section */

/* Begin PBXVariantGroup section */
		58D83AE11D33D0DC003E2B8F /* Main.storyboard */ = {
			isa = PBXVariantGroup;
			children = (
				58D83AE21D33D0DC003E2B8F /* Base */,
			);
			name = Main.storyboard;
			sourceTree = "<group>";
		};
		58D83AE61D33D0DC003E2B8F /* LaunchScreen.storyboard */ = {
			isa = PBXVariantGroup;
			children = (
				58D83AE71D33D0DC003E2B8F /* Base */,
			);
			name = LaunchScreen.storyboard;
			sourceTree = "<group>";
		};
/* End PBXVariantGroup section */

/* Begin XCBuildConfiguration section */
		58D83AEA1D33D0DC003E2B8F /* Debug */ = {
			isa = XCBuildConfiguration;
			buildSettings = {
				ALWAYS_SEARCH_USER_PATHS = NO;
				CLANG_CXX_LANGUAGE_STANDARD = "gnu++0x";
				CLANG_CXX_LIBRARY = "libc++";
				CLANG_ENABLE_MODULES = YES;
				CLANG_ENABLE_OBJC_ARC = YES;
				CLANG_WARN_BOOL_CONVERSION = YES;
				CLANG_WARN_CONSTANT_CONVERSION = YES;
				CLANG_WARN_DIRECT_OBJC_ISA_USAGE = YES_ERROR;
				CLANG_WARN_EMPTY_BODY = YES;
				CLANG_WARN_ENUM_CONVERSION = YES;
				CLANG_WARN_INT_CONVERSION = YES;
				CLANG_WARN_OBJC_ROOT_CLASS = YES_ERROR;
				CLANG_WARN_UNREACHABLE_CODE = YES;
				CLANG_WARN__DUPLICATE_METHOD_MATCH = YES;
				"CODE_SIGN_IDENTITY[sdk=iphoneos*]" = "iPhone Developer";
				COPY_PHASE_STRIP = NO;
				DEBUG_INFORMATION_FORMAT = dwarf;
				ENABLE_STRICT_OBJC_MSGSEND = YES;
				ENABLE_TESTABILITY = YES;
				GCC_C_LANGUAGE_STANDARD = gnu99;
				GCC_DYNAMIC_NO_PIC = NO;
				GCC_NO_COMMON_BLOCKS = YES;
				GCC_OPTIMIZATION_LEVEL = 0;
				GCC_PREPROCESSOR_DEFINITIONS = (
					"DEBUG=1",
					"$(inherited)",
				);
				GCC_WARN_64_TO_32_BIT_CONVERSION = YES;
				GCC_WARN_ABOUT_RETURN_TYPE = YES_ERROR;
				GCC_WARN_UNDECLARED_SELECTOR = YES;
				GCC_WARN_UNINITIALIZED_AUTOS = YES_AGGRESSIVE;
				GCC_WARN_UNUSED_FUNCTION = YES;
				GCC_WARN_UNUSED_VARIABLE = YES;
				IPHONEOS_DEPLOYMENT_TARGET = 9.2;
				MTL_ENABLE_DEBUG_INFO = YES;
				ONLY_ACTIVE_ARCH = YES;
				SDKROOT = iphoneos;
			};
			name = Debug;
		};
		58D83AEB1D33D0DC003E2B8F /* Release */ = {
			isa = XCBuildConfiguration;
			buildSettings = {
				ALWAYS_SEARCH_USER_PATHS = NO;
				CLANG_CXX_LANGUAGE_STANDARD = "gnu++0x";
				CLANG_CXX_LIBRARY = "libc++";
				CLANG_ENABLE_MODULES = YES;
				CLANG_ENABLE_OBJC_ARC = YES;
				CLANG_WARN_BOOL_CONVERSION = YES;
				CLANG_WARN_CONSTANT_CONVERSION = YES;
				CLANG_WARN_DIRECT_OBJC_ISA_USAGE = YES_ERROR;
				CLANG_WARN_EMPTY_BODY = YES;
				CLANG_WARN_ENUM_CONVERSION = YES;
				CLANG_WARN_INT_CONVERSION = YES;
				CLANG_WARN_OBJC_ROOT_CLASS = YES_ERROR;
				CLANG_WARN_UNREACHABLE_CODE = YES;
				CLANG_WARN__DUPLICATE_METHOD_MATCH = YES;
				"CODE_SIGN_IDENTITY[sdk=iphoneos*]" = "iPhone Developer";
				COPY_PHASE_STRIP = NO;
				DEBUG_INFORMATION_FORMAT = "dwarf-with-dsym";
				ENABLE_NS_ASSERTIONS = NO;
				ENABLE_STRICT_OBJC_MSGSEND = YES;
				GCC_C_LANGUAGE_STANDARD = gnu99;
				GCC_NO_COMMON_BLOCKS = YES;
				GCC_WARN_64_TO_32_BIT_CONVERSION = YES;
				GCC_WARN_ABOUT_RETURN_TYPE = YES_ERROR;
				GCC_WARN_UNDECLARED_SELECTOR = YES;
				GCC_WARN_UNINITIALIZED_AUTOS = YES_AGGRESSIVE;
				GCC_WARN_UNUSED_FUNCTION = YES;
				GCC_WARN_UNUSED_VARIABLE = YES;
				IPHONEOS_DEPLOYMENT_TARGET = 9.2;
				MTL_ENABLE_DEBUG_INFO = NO;
				SDKROOT = iphoneos;
				VALIDATE_PRODUCT = YES;
			};
			name = Release;
		};
		58D83AED1D33D0DC003E2B8F /* Debug */ = {
			isa = XCBuildConfiguration;
			buildSettings = {
				ASSETCATALOG_COMPILER_APPICON_NAME = AppIcon;
				FRAMEWORK_SEARCH_PATHS = (
					"$(inherited)",
					"$(PROJECT_DIR)/Alipay",
				);
				HEADER_SEARCH_PATHS = "$(SRCROOT)/Alipay";
				INFOPLIST_FILE = Alipay/Info.plist;
				IPHONEOS_DEPLOYMENT_TARGET = 8.1;
				LD_RUNPATH_SEARCH_PATHS = "$(inherited) @executable_path/Frameworks";
				LIBRARY_SEARCH_PATHS = (
					"$(inherited)",
					"$(PROJECT_DIR)/Alipay",
				);
				PRODUCT_BUNDLE_IDENTIFIER = towmen.only.Alipay;
				PRODUCT_NAME = "$(TARGET_NAME)";
			};
			name = Debug;
		};
		58D83AEE1D33D0DC003E2B8F /* Release */ = {
			isa = XCBuildConfiguration;
			buildSettings = {
				ASSETCATALOG_COMPILER_APPICON_NAME = AppIcon;
				FRAMEWORK_SEARCH_PATHS = (
					"$(inherited)",
					"$(PROJECT_DIR)/Alipay",
				);
				HEADER_SEARCH_PATHS = "$(SRCROOT)/Alipay";
				INFOPLIST_FILE = Alipay/Info.plist;
				IPHONEOS_DEPLOYMENT_TARGET = 8.1;
				LD_RUNPATH_SEARCH_PATHS = "$(inherited) @executable_path/Frameworks";
				LIBRARY_SEARCH_PATHS = (
					"$(inherited)",
					"$(PROJECT_DIR)/Alipay",
				);
				PRODUCT_BUNDLE_IDENTIFIER = towmen.only.Alipay;
				PRODUCT_NAME = "$(TARGET_NAME)";
			};
			name = Release;
		};
/* End XCBuildConfiguration section */

/* Begin XCConfigurationList section */
		58D83AD01D33D0DC003E2B8F /* Build configuration list for PBXProject "Alipay" */ = {
			isa = XCConfigurationList;
			buildConfigurations = (
				58D83AEA1D33D0DC003E2B8F /* Debug */,
				58D83AEB1D33D0DC003E2B8F /* Release */,
			);
			defaultConfigurationIsVisible = 0;
			defaultConfigurationName = Release;
		};
		58D83AEC1D33D0DC003E2B8F /* Build configuration list for PBXNativeTarget "Alipay" */ = {
			isa = XCConfigurationList;
			buildConfigurations = (
				58D83AED1D33D0DC003E2B8F /* Debug */,
				58D83AEE1D33D0DC003E2B8F /* Release */,
			);
			defaultConfigurationIsVisible = 0;
			defaultConfigurationName = Release;
		};
/* End XCConfigurationList section */
	};
	rootObject = 58D83ACD1D33D0DC003E2B8F /* Project object */;
}
